<?xml version="1.0" encoding="utf-8"?>
<Project ToolsVersion="4.0" xmlns="http://schemas.microsoft.com/developer/msbuild/2003">
  <ItemGroup>
    <Filter Include="Arquivos de Origem">
      <UniqueIdentifier>{4FC737F1-C7A5-4376-A066-2A32D752A2FF}</UniqueIdentifier>
      <Extensions>cpp;c;cc;cxx;def;odl;idl;hpj;bat;asm;asmx</Extensions>
    </Filter>
    <Filter Include="Arquivos de Cabeçalho">
      <UniqueIdentifier>{93995380-89BD-4b04-88EB-625FBE52EBFB}</UniqueIdentifier>
      <Extensions>h;hh;hpp;hxx;hm;inl;inc;ipp;xsd</Extensions>
    </Filter>
    <Filter Include="Arquivos de Recurso">
      <UniqueIdentifier>{67DA6AB6-F800-4c08-8B7A-83BB121AAD01}</UniqueIdentifier>
      <Extensions>rc;ico;cur;bmp;dlg;rc2;rct;bin;rgs;gif;jpg;jpeg;jpe;resx;tiff;tif;png;wav;mfcribbon-ms</Extensions>
    </Filter>
  </ItemGroup>
  <ItemGroup>
    <ClCompile Include="src\frame_tile_editor_canvas.cpp">
      <Filter>Arquivos de Origem</Filter>
    </ClCompile>
    <ClCompile Include="src\frame_tile_editor_child.cpp">
      <Filter>Arquivos de Origem</Filter>
    </ClCompile>
    <ClCompile Include="src\frame_tile_editor_parent.cpp">
      <Filter>Arquivos de Origem</Filter>
    </ClCompile>
    <ClCompile Include="src\Studio.cpp">
      <Filter>Arquivos de Origem</Filter>
    </ClCompile>
    <ClCompile Include="frame_save_editor.cpp">
      <Filter>Arquivos de Origem</Filter>
    </ClCompile>
    <ClCompile Include="src\SpriteFile.cpp">
      <Filter>Arquivos de Origem</Filter>
    </ClCompile>
    <ClCompile Include="src\class_table.cpp">
      <Filter>Arquivos de Origem</Filter>
    </ClCompile>
    <ClCompile Include="src\class_util_wx_file.cpp">
      <Filter>Arquivos de Origem</Filter>
    </ClCompile>
    <ClCompile Include="src\class_util_string.cpp">
      <Filter>Arquivos de Origem</Filter>
    </ClCompile>
    <ClCompile Include="src\class_app.cpp">
      <Filter>Arquivos de Origem</Filter>
    </ClCompile>
    <ClCompile Include="src\frame_main.cpp">
      <Filter>Arquivos de Origem</Filter>
    </ClCompile>
    <ClCompile Include="src\frame_script_editor.cpp">
      <Filter>Arquivos de Origem</Filter>
    </ClCompile>
    <ClCompile Include="src\class_rom.cpp">
      <Filter>Arquivos de Origem</Filter>
    </ClCompile>
    <ClCompile Include="src\frame_search_script.cpp">
      <Filter>Arquivos de Origem</Filter>
    </ClCompile>
  </ItemGroup>
  <ItemGroup>
    <ClInclude Include="src\frame_tile_editor_canvas.hpp">
      <Filter>Arquivos de Cabeçalho</Filter>
    </ClInclude>
    <ClInclude Include="src\frame_tile_editor_child.hpp">
      <Filter>Arquivos de Cabeçalho</Filter>
    </ClInclude>
    <ClInclude Include="src\frame_tile_editor_parent.hpp">
      <Filter>Arquivos de Cabeçalho</Filter>
    </ClInclude>
    <ClInclude Include="src\Studio.h">
      <Filter>Arquivos de Cabeçalho</Filter>
    </ClInclude>
    <ClInclude Include="src\resource_frame_tile_editor.hpp">
      <Filter>Arquivos de Recurso</Filter>
    </ClInclude>
    <ClInclude Include="frame_save_editor.hpp">
      <Filter>Arquivos de Cabeçalho</Filter>
    </ClInclude>
    <ClInclude Include="src\SpriteFile.hpp">
      <Filter>Arquivos de Cabeçalho</Filter>
    </ClInclude>
    <ClInclude Include="src\class_table.hpp">
      <Filter>Arquivos de Cabeçalho</Filter>
    </ClInclude>
    <ClInclude Include="src\class_util_wx_file.hpp">
      <Filter>Arquivos de Cabeçalho</Filter>
    </ClInclude>
    <ClInclude Include="src\class_util_string.hpp">
      <Filter>Arquivos de Cabeçalho</Filter>
    </ClInclude>
    <ClInclude Include="src\class_app.hpp">
      <Filter>Arquivos de Cabeçalho</Filter>
    </ClInclude>
    <ClInclude Include="src\frame_main.hpp">
      <Filter>Arquivos de Cabeçalho</Filter>
    </ClInclude>
    <ClInclude Include="src\frame_script_editor.hpp">
      <Filter>Arquivos de Cabeçalho</Filter>
    </ClInclude>
    <ClInclude Include="src\class_rom.hpp">
      <Filter>Arquivos de Cabeçalho</Filter>
    </ClInclude>
    <ClInclude Include="src\frame_search_script.hpp">
      <Filter>Arquivos de Cabeçalho</Filter>
    </ClInclude>
  </ItemGroup>
</Project>