
Microsoft Visual Studio Solution File, Format Version 12.00
# Visual Studio Version 16
VisualStudioVersion = 16.0.29411.108
MinimumVisualStudioVersion = 10.0.40219.1
Project("{8BC9CEB8-8B4A-11D0-8D11-00A0C91BC942}") = "HM Studio", "HM Studio\HM Studio.vcxproj", "{3FD40E94-91F5-4319-8F02-93D2C2B986B2}"
EndProject
Project("{8BC9CEB8-8B4A-11D0-8D11-00A0C91BC942}") = "SplitingIntoWordsWithOffset", "SplitingIntoWordsWithOffset\SplitingIntoWordsWithOffset.vcxproj", "{332B3B9D-114B-4F5A-B255-48CC2B562FCB}"
EndProject
Global
	GlobalSection(SolutionConfigurationPlatforms) = preSolution
		Debug|x64 = Debug|x64
		Debug|x86 = Debug|x86
		Release|x64 = Release|x64
		Release|x86 = Release|x86
	EndGlobalSection
	GlobalSection(ProjectConfigurationPlatforms) = postSolution
		{3FD40E94-91F5-4319-8F02-93D2C2B986B2}.Debug|x64.ActiveCfg = Debug|x64
		{3FD40E94-91F5-4319-8F02-93D2C2B986B2}.Debug|x64.Build.0 = Debug|x64
		{3FD40E94-91F5-4319-8F02-93D2C2B986B2}.Debug|x86.ActiveCfg = Debug|Win32
		{3FD40E94-91F5-4319-8F02-93D2C2B986B2}.Debug|x86.Build.0 = Debug|Win32
		{3FD40E94-91F5-4319-8F02-93D2C2B986B2}.Release|x64.ActiveCfg = Release|x64
		{3FD40E94-91F5-4319-8F02-93D2C2B986B2}.Release|x64.Build.0 = Release|x64
		{3FD40E94-91F5-4319-8F02-93D2C2B986B2}.Release|x86.ActiveCfg = Release|Win32
		{3FD40E94-91F5-4319-8F02-93D2C2B986B2}.Release|x86.Build.0 = Release|Win32
		{332B3B9D-114B-4F5A-B255-48CC2B562FCB}.Debug|x64.ActiveCfg = Debug|x64
		{332B3B9D-114B-4F5A-B255-48CC2B562FCB}.Debug|x64.Build.0 = Debug|x64
		{332B3B9D-114B-4F5A-B255-48CC2B562FCB}.Debug|x86.ActiveCfg = Debug|Win32
		{332B3B9D-114B-4F5A-B255-48CC2B562FCB}.Debug|x86.Build.0 = Debug|Win32
		{332B3B9D-114B-4F5A-B255-48CC2B562FCB}.Release|x64.ActiveCfg = Release|x64
		{332B3B9D-114B-4F5A-B255-48CC2B562FCB}.Release|x64.Build.0 = Release|x64
		{332B3B9D-114B-4F5A-B255-48CC2B562FCB}.Release|x86.ActiveCfg = Release|Win32
		{332B3B9D-114B-4F5A-B255-48CC2B562FCB}.Release|x86.Build.0 = Release|Win32
	EndGlobalSection
	GlobalSection(SolutionProperties) = preSolution
		HideSolutionNode = FALSE
	EndGlobalSection
	GlobalSection(ExtensibilityGlobals) = postSolution
		SolutionGuid = {AF2091EB-85ED-452E-913A-1C765B0EAF3E}
	EndGlobalSection
EndGlobal
